
Microsoft Visual Studio Solution File, Format Version 12.00
# Visual Studio 15
VisualStudioVersion = 15.0.26228.9
MinimumVisualStudioVersion = 10.0.40219.1
Project("{FAE04EC0-301F-11D3-BF4B-00C04F79EFBC}") = "GithubDashboard", "GithubDashboard\GithubDashboard.csproj", "{B2F0E8AB-2063-46CC-99A4-9B1EB6306DCF}"
EndProject
Global
	GlobalSection(SolutionConfigurationPlatforms) = preSolution
		Debug|Any CPU = Debug|Any CPU
		Release|Any CPU = Release|Any CPU
	EndGlobalSection
	GlobalSection(ProjectConfigurationPlatforms) = postSolution
		{B2F0E8AB-2063-46CC-99A4-9B1EB6306DCF}.Debug|Any CPU.ActiveCfg = Debug|Any CPU
		{B2F0E8AB-2063-46CC-99A4-9B1EB6306DCF}.Debug|Any CPU.Build.0 = Debug|Any CPU
		{B2F0E8AB-2063-46CC-99A4-9B1EB6306DCF}.Release|Any CPU.ActiveCfg = Release|Any CPU
		{B2F0E8AB-2063-46CC-99A4-9B1EB6306DCF}.Release|Any CPU.Build.0 = Release|Any CPU
	EndGlobalSection
	GlobalSection(SolutionProperties) = preSolution
		HideSolutionNode = FALSE
	EndGlobalSection
EndGlobal
